
Microsoft Visual Studio Solution File, Format Version 12.00
# Visual Studio Version 16
VisualStudioVersion = 16.0.29403.142
MinimumVisualStudioVersion = 10.0.40219.1
Project("{FAE04EC0-301F-11D3-BF4B-00C04F79EFBC}") = "wskaznik4", "wskaznik4\wskaznik4.csproj", "{786B5C1A-2EC2-4DDA-86F1-B40E0F8777D2}"
EndProject
Global
	GlobalSection(SolutionConfigurationPlatforms) = preSolution
		Debug|Any CPU = Debug|Any CPU
		Release|Any CPU = Release|Any CPU
	EndGlobalSection
	GlobalSection(ProjectConfigurationPlatforms) = postSolution
		{786B5C1A-2EC2-4DDA-86F1-B40E0F8777D2}.Debug|Any CPU.ActiveCfg = Debug|Any CPU
		{786B5C1A-2EC2-4DDA-86F1-B40E0F8777D2}.Debug|Any CPU.Build.0 = Debug|Any CPU
		{786B5C1A-2EC2-4DDA-86F1-B40E0F8777D2}.Release|Any CPU.ActiveCfg = Release|Any CPU
		{786B5C1A-2EC2-4DDA-86F1-B40E0F8777D2}.Release|Any CPU.Build.0 = Release|Any CPU
	EndGlobalSection
	GlobalSection(SolutionProperties) = preSolution
		HideSolutionNode = FALSE
	EndGlobalSection
	GlobalSection(ExtensibilityGlobals) = postSolution
		SolutionGuid = {00B4FCDC-538D-40F5-AAC0-330C16BBA213}
	EndGlobalSection
EndGlobal
