
Microsoft Visual Studio Solution File, Format Version 12.00
# Visual Studio Version 16
VisualStudioVersion = 16.0.29403.142
MinimumVisualStudioVersion = 10.0.40219.1
Project("{FAE04EC0-301F-11D3-BF4B-00C04F79EFBC}") = "biblioteka1_dll", "biblioteka1_dll\biblioteka1_dll.csproj", "{20BAA6AA-17CE-42B3-B51C-BB32309E82F0}"
EndProject
Global
	GlobalSection(SolutionConfigurationPlatforms) = preSolution
		Debug|Any CPU = Debug|Any CPU
		Release|Any CPU = Release|Any CPU
	EndGlobalSection
	GlobalSection(ProjectConfigurationPlatforms) = postSolution
		{20BAA6AA-17CE-42B3-B51C-BB32309E82F0}.Debug|Any CPU.ActiveCfg = Debug|Any CPU
		{20BAA6AA-17CE-42B3-B51C-BB32309E82F0}.Debug|Any CPU.Build.0 = Debug|Any CPU
		{20BAA6AA-17CE-42B3-B51C-BB32309E82F0}.Release|Any CPU.ActiveCfg = Release|Any CPU
		{20BAA6AA-17CE-42B3-B51C-BB32309E82F0}.Release|Any CPU.Build.0 = Release|Any CPU
	EndGlobalSection
	GlobalSection(SolutionProperties) = preSolution
		HideSolutionNode = FALSE
	EndGlobalSection
	GlobalSection(ExtensibilityGlobals) = postSolution
		SolutionGuid = {D3DA598B-B820-417A-BBE8-30FD9F697450}
	EndGlobalSection
EndGlobal
