
Microsoft Visual Studio Solution File, Format Version 12.00
# Visual Studio Version 16
VisualStudioVersion = 16.0.29403.142
MinimumVisualStudioVersion = 10.0.40219.1
Project("{FAE04EC0-301F-11D3-BF4B-00C04F79EFBC}") = "WinForms1", "WinForms1\WinForms1.csproj", "{553C7535-3259-4219-8672-36900960006B}"
EndProject
Global
	GlobalSection(SolutionConfigurationPlatforms) = preSolution
		Debug|Any CPU = Debug|Any CPU
		Release|Any CPU = Release|Any CPU
	EndGlobalSection
	GlobalSection(ProjectConfigurationPlatforms) = postSolution
		{553C7535-3259-4219-8672-36900960006B}.Debug|Any CPU.ActiveCfg = Debug|Any CPU
		{553C7535-3259-4219-8672-36900960006B}.Debug|Any CPU.Build.0 = Debug|Any CPU
		{553C7535-3259-4219-8672-36900960006B}.Release|Any CPU.ActiveCfg = Release|Any CPU
		{553C7535-3259-4219-8672-36900960006B}.Release|Any CPU.Build.0 = Release|Any CPU
	EndGlobalSection
	GlobalSection(SolutionProperties) = preSolution
		HideSolutionNode = FALSE
	EndGlobalSection
	GlobalSection(ExtensibilityGlobals) = postSolution
		SolutionGuid = {94A3523D-2538-453D-98F8-040F51D8FC4C}
	EndGlobalSection
EndGlobal
