
Microsoft Visual Studio Solution File, Format Version 12.00
# Visual Studio Version 16
VisualStudioVersion = 16.0.29403.142
MinimumVisualStudioVersion = 10.0.40219.1
Project("{FAE04EC0-301F-11D3-BF4B-00C04F79EFBC}") = "Methods5", "Methods5\Methods5.csproj", "{8C7D1E45-5714-4DAB-9379-7809538BA76F}"
EndProject
Global
	GlobalSection(SolutionConfigurationPlatforms) = preSolution
		Debug|Any CPU = Debug|Any CPU
		Release|Any CPU = Release|Any CPU
	EndGlobalSection
	GlobalSection(ProjectConfigurationPlatforms) = postSolution
		{8C7D1E45-5714-4DAB-9379-7809538BA76F}.Debug|Any CPU.ActiveCfg = Debug|Any CPU
		{8C7D1E45-5714-4DAB-9379-7809538BA76F}.Debug|Any CPU.Build.0 = Debug|Any CPU
		{8C7D1E45-5714-4DAB-9379-7809538BA76F}.Release|Any CPU.ActiveCfg = Release|Any CPU
		{8C7D1E45-5714-4DAB-9379-7809538BA76F}.Release|Any CPU.Build.0 = Release|Any CPU
	EndGlobalSection
	GlobalSection(SolutionProperties) = preSolution
		HideSolutionNode = FALSE
	EndGlobalSection
	GlobalSection(ExtensibilityGlobals) = postSolution
		SolutionGuid = {4F77F784-100A-4944-994F-CBEF18FC1459}
	EndGlobalSection
EndGlobal
