
Microsoft Visual Studio Solution File, Format Version 12.00
# Visual Studio Version 16
VisualStudioVersion = 16.0.29403.142
MinimumVisualStudioVersion = 10.0.40219.1
Project("{FAE04EC0-301F-11D3-BF4B-00C04F79EFBC}") = "pliki2", "pliki2\pliki2.csproj", "{40325466-0D89-4F19-A563-7A11C4B00165}"
EndProject
Global
	GlobalSection(SolutionConfigurationPlatforms) = preSolution
		Debug|Any CPU = Debug|Any CPU
		Release|Any CPU = Release|Any CPU
	EndGlobalSection
	GlobalSection(ProjectConfigurationPlatforms) = postSolution
		{40325466-0D89-4F19-A563-7A11C4B00165}.Debug|Any CPU.ActiveCfg = Debug|Any CPU
		{40325466-0D89-4F19-A563-7A11C4B00165}.Debug|Any CPU.Build.0 = Debug|Any CPU
		{40325466-0D89-4F19-A563-7A11C4B00165}.Release|Any CPU.ActiveCfg = Release|Any CPU
		{40325466-0D89-4F19-A563-7A11C4B00165}.Release|Any CPU.Build.0 = Release|Any CPU
	EndGlobalSection
	GlobalSection(SolutionProperties) = preSolution
		HideSolutionNode = FALSE
	EndGlobalSection
	GlobalSection(ExtensibilityGlobals) = postSolution
		SolutionGuid = {18427A2E-A664-4D6A-ADDF-08B4BE267E03}
	EndGlobalSection
EndGlobal
