
Microsoft Visual Studio Solution File, Format Version 12.00
# Visual Studio Version 16
VisualStudioVersion = 16.0.29403.142
MinimumVisualStudioVersion = 10.0.40219.1
Project("{FAE04EC0-301F-11D3-BF4B-00C04F79EFBC}") = "Tablice", "Tablice\Tablice.csproj", "{632CC61E-8AFA-40C5-9BC5-5791FD1EF22F}"
EndProject
Global
	GlobalSection(SolutionConfigurationPlatforms) = preSolution
		Debug|Any CPU = Debug|Any CPU
		Release|Any CPU = Release|Any CPU
	EndGlobalSection
	GlobalSection(ProjectConfigurationPlatforms) = postSolution
		{632CC61E-8AFA-40C5-9BC5-5791FD1EF22F}.Debug|Any CPU.ActiveCfg = Debug|Any CPU
		{632CC61E-8AFA-40C5-9BC5-5791FD1EF22F}.Debug|Any CPU.Build.0 = Debug|Any CPU
		{632CC61E-8AFA-40C5-9BC5-5791FD1EF22F}.Release|Any CPU.ActiveCfg = Release|Any CPU
		{632CC61E-8AFA-40C5-9BC5-5791FD1EF22F}.Release|Any CPU.Build.0 = Release|Any CPU
	EndGlobalSection
	GlobalSection(SolutionProperties) = preSolution
		HideSolutionNode = FALSE
	EndGlobalSection
	GlobalSection(ExtensibilityGlobals) = postSolution
		SolutionGuid = {C6CB1860-66B2-4AA4-AA23-951308A16BB6}
	EndGlobalSection
EndGlobal
