
Microsoft Visual Studio Solution File, Format Version 12.00
# Visual Studio Version 16
VisualStudioVersion = 16.0.29403.142
MinimumVisualStudioVersion = 10.0.40219.1
Project("{FAE04EC0-301F-11D3-BF4B-00C04F79EFBC}") = "biblioteka1", "biblioteka1\biblioteka1.csproj", "{AC5BF825-2A5C-4519-833C-BB455ACA2BB4}"
EndProject
Global
	GlobalSection(SolutionConfigurationPlatforms) = preSolution
		Debug|Any CPU = Debug|Any CPU
		Release|Any CPU = Release|Any CPU
	EndGlobalSection
	GlobalSection(ProjectConfigurationPlatforms) = postSolution
		{AC5BF825-2A5C-4519-833C-BB455ACA2BB4}.Debug|Any CPU.ActiveCfg = Debug|Any CPU
		{AC5BF825-2A5C-4519-833C-BB455ACA2BB4}.Debug|Any CPU.Build.0 = Debug|Any CPU
		{AC5BF825-2A5C-4519-833C-BB455ACA2BB4}.Release|Any CPU.ActiveCfg = Release|Any CPU
		{AC5BF825-2A5C-4519-833C-BB455ACA2BB4}.Release|Any CPU.Build.0 = Release|Any CPU
	EndGlobalSection
	GlobalSection(SolutionProperties) = preSolution
		HideSolutionNode = FALSE
	EndGlobalSection
	GlobalSection(ExtensibilityGlobals) = postSolution
		SolutionGuid = {17890B52-3796-422F-B47B-78889FA9529A}
	EndGlobalSection
EndGlobal
